
Microsoft Visual Studio Solution File, Format Version 12.00
Project("{FAE04EC0-301F-11D3-BF4B-00C04F79EFBC}") = "ExampleReports", "ExampleReports\ExampleReports.csproj", "{FA793F66-2C44-4B90-9CC5-6A9A05425BFB}"
EndProject
Project("{FAE04EC0-301F-11D3-BF4B-00C04F79EFBC}") = "ExampleReports.UnitTests", "ExampleReports.UnitTests\ExampleReports.UnitTests.csproj", "{D9013C5D-0D9F-495C-A7BF-DC8A0A0C3A4A}"
EndProject
Project("{FAE04EC0-301F-11D3-BF4B-00C04F79EFBC}") = "Emmersion.EventLogWalker", "Emmersion.EventLogWalker\Emmersion.EventLogWalker.csproj", "{CF04D70B-32BF-43E8-981A-25F62088EFB9}"
EndProject
Project("{FAE04EC0-301F-11D3-BF4B-00C04F79EFBC}") = "Emmersion.EventLogWalker.UnitTests", "Emmersion.EventLogWalker.UnitTests\Emmersion.EventLogWalker.UnitTests.csproj", "{2812E91D-6E53-4F6F-B9D1-733AF0E7A9F2}"
EndProject
Project("{FAE04EC0-301F-11D3-BF4B-00C04F79EFBC}") = "Emmersion.EventLogWalker.IntegrationTests", "Emmersion.EventLogWalker.IntegrationTests\Emmersion.EventLogWalker.IntegrationTests.csproj", "{ABC8674A-A8C6-4640-941B-52D4F9CAB8DD}"
EndProject
Global
	GlobalSection(SolutionConfigurationPlatforms) = preSolution
		Debug|Any CPU = Debug|Any CPU
		Release|Any CPU = Release|Any CPU
	EndGlobalSection
	GlobalSection(ProjectConfigurationPlatforms) = postSolution
		{FA793F66-2C44-4B90-9CC5-6A9A05425BFB}.Debug|Any CPU.ActiveCfg = Debug|Any CPU
		{FA793F66-2C44-4B90-9CC5-6A9A05425BFB}.Debug|Any CPU.Build.0 = Debug|Any CPU
		{FA793F66-2C44-4B90-9CC5-6A9A05425BFB}.Release|Any CPU.ActiveCfg = Release|Any CPU
		{FA793F66-2C44-4B90-9CC5-6A9A05425BFB}.Release|Any CPU.Build.0 = Release|Any CPU
		{D9013C5D-0D9F-495C-A7BF-DC8A0A0C3A4A}.Debug|Any CPU.ActiveCfg = Debug|Any CPU
		{D9013C5D-0D9F-495C-A7BF-DC8A0A0C3A4A}.Debug|Any CPU.Build.0 = Debug|Any CPU
		{D9013C5D-0D9F-495C-A7BF-DC8A0A0C3A4A}.Release|Any CPU.ActiveCfg = Release|Any CPU
		{D9013C5D-0D9F-495C-A7BF-DC8A0A0C3A4A}.Release|Any CPU.Build.0 = Release|Any CPU
		{CF04D70B-32BF-43E8-981A-25F62088EFB9}.Debug|Any CPU.ActiveCfg = Debug|Any CPU
		{CF04D70B-32BF-43E8-981A-25F62088EFB9}.Debug|Any CPU.Build.0 = Debug|Any CPU
		{CF04D70B-32BF-43E8-981A-25F62088EFB9}.Release|Any CPU.ActiveCfg = Release|Any CPU
		{CF04D70B-32BF-43E8-981A-25F62088EFB9}.Release|Any CPU.Build.0 = Release|Any CPU
		{2812E91D-6E53-4F6F-B9D1-733AF0E7A9F2}.Debug|Any CPU.ActiveCfg = Debug|Any CPU
		{2812E91D-6E53-4F6F-B9D1-733AF0E7A9F2}.Debug|Any CPU.Build.0 = Debug|Any CPU
		{2812E91D-6E53-4F6F-B9D1-733AF0E7A9F2}.Release|Any CPU.ActiveCfg = Release|Any CPU
		{2812E91D-6E53-4F6F-B9D1-733AF0E7A9F2}.Release|Any CPU.Build.0 = Release|Any CPU
		{ABC8674A-A8C6-4640-941B-52D4F9CAB8DD}.Debug|Any CPU.ActiveCfg = Debug|Any CPU
		{ABC8674A-A8C6-4640-941B-52D4F9CAB8DD}.Debug|Any CPU.Build.0 = Debug|Any CPU
		{ABC8674A-A8C6-4640-941B-52D4F9CAB8DD}.Release|Any CPU.ActiveCfg = Release|Any CPU
		{ABC8674A-A8C6-4640-941B-52D4F9CAB8DD}.Release|Any CPU.Build.0 = Release|Any CPU
	EndGlobalSection
	GlobalSection(NestedProjects) = preSolution
	EndGlobalSection
EndGlobal
